{
  "name": "example-project",
  "version": "0.1.0",
  "lockfileVersion": 3,
  "requires": true,
  "packages": {
    "": {
      "name": "example-project",
      "version": "0.1.0",
      "dependencies": {
        "@connect/bam": "file:.."
      }
    },
    "..": {
      "name": "@connect/bam",
      "version": "0.0.9",
      "license": "ISC",
      "workspaces": [
        "cli"
      ],
      "dependencies": {
        "@aws-sdk/client-secrets-manager": "^3.540.0",
        "@aws-sdk/client-ssm": "^3.540.0",
        "@aws-sdk/credential-providers": "^3.828.0",
        "@inquirer/prompts": "^7.5.3",
        "connection-string": "^4.4.0",
        "jsonpath": "^1.1.1",
        "lodash-es": "^4.17.21",
        "pg-promise": "^11.14.0",
        "semver": "^7.7.2",
        "winston": "^3.17.0",
        "yaml": "^2.8.0",
        "yargs": "^18.0.0"
      },
      "bin": {
        "bam": "dist/index.js",
        "bert-app-manager": "dist/index.js",
        "dbm": "dist/index.js"
      },
      "devDependencies": {
        "@types/jest": "^29.5.14",
        "@types/jsonpath": "^0.2.4",
        "@types/lodash-es": "^4.17.12",
        "@types/node": "^22.15.29",
        "@types/semver": "^7.7.0",
        "@types/yargs": "^17.0.33",
        "jest": "^29.7.0",
        "ts-jest": "^29.4.0",
        "ts-node": "^10.9.2",
        "tsx": "^4.19.4",
        "typescript": "^5.8.3"
      }
    },
    "node_modules/@connect/bam": {
      "resolved": "..",
      "link": true
    }
  }
}
